version = 1
revision = 3
requires-python = ">=3.10, <4"

[[package]]
name = "black"
version = "25.12.0"
source = { registry = "https://pypi.org/simple" }
dependencies = [
    { name = "click" },
    { name = "mypy-extensions" },
    { name = "packaging" },
    { name = "pathspec" },
    { name = "platformdirs" },
    { name = "pytokens" },
    { name = "tomli", marker = "python_full_version < '3.11'" },
    { name = "typing-extensions", marker = "python_full_version < '3.11'" },
]
sdist = { url = "https://files.pythonhosted.org/packages/c4/d9/07b458a3f1c525ac392b5edc6b191ff140b596f9d77092429417a54e249d/black-25.12.0.tar.gz", hash = "sha256:8d3dd9cea14bff7ddc0eb243c811cdb1a011ebb4800a5f0335a01a68654796a7", size = 659264, upload-time = "2025-12-08T01:40:52.501Z" }
wheels = [
    { url = "https://files.pythonhosted.org/packages/37/d5/8d3145999d380e5d09bb00b0f7024bf0a8ccb5c07b5648e9295f02ec1d98/black-25.12.0-cp310-cp310-macosx_10_9_x86_64.whl", hash = "sha256:f85ba1ad15d446756b4ab5f3044731bf68b777f8f9ac9cdabd2425b97cd9c4e8", size = 1895720, upload-time = "2025-12-08T01:46:58.197Z" },
    { url = "https://files.pythonhosted.org/packages/06/97/7acc85c4add41098f4f076b21e3e4e383ad6ed0a3da26b2c89627241fc11/black-25.12.0-cp310-cp310-macosx_11_0_arm64.whl", hash = "sha256:546eecfe9a3a6b46f9d69d8a642585a6eaf348bcbbc4d87a19635570e02d9f4a", size = 1727193, upload-time = "2025-12-08T01:52:26.674Z" },
    { url = "https://files.pythonhosted.org/packages/24/f0/fdf0eb8ba907ddeb62255227d29d349e8256ef03558fbcadfbc26ecfe3b2/black-25.12.0-cp310-cp310-manylinux2014_x86_64.manylinux_2_17_x86_64.manylinux_2_28_x86_64.whl", hash = "sha256:17dcc893da8d73d8f74a596f64b7c98ef5239c2cd2b053c0f25912c4494bf9ea", size = 1774506, upload-time = "2025-12-08T01:46:25.721Z" },
    { url = "https://files.pythonhosted.org/packages/e4/f5/9203a78efe00d13336786b133c6180a9303d46908a9aa72d1104ca214222/black-25.12.0-cp310-cp310-win_amd64.whl", hash = "sha256:09524b0e6af8ba7a3ffabdfc7a9922fb9adef60fed008c7cd2fc01f3048e6e6f", size = 1416085, upload-time = "2025-12-08T01:46:06.073Z" },
    { url = "https://files.pythonhosted.org/packages/ba/cc/7a6090e6b081c3316282c05c546e76affdce7bf7a3b7d2c3a2a69438bd01/black-25.12.0-cp310-cp310-win_arm64.whl", hash = "sha256:b162653ed89eb942758efeb29d5e333ca5bb90e5130216f8369857db5955a7da", size = 1226038, upload-time = "2025-12-08T01:45:29.388Z" },
    { url = "https://files.pythonhosted.org/packages/60/ad/7ac0d0e1e0612788dbc48e62aef8a8e8feffac7eb3d787db4e43b8462fa8/black-25.12.0-cp311-cp311-macosx_10_9_x86_64.whl", hash = "sha256:d0cfa263e85caea2cff57d8f917f9f51adae8e20b610e2b23de35b5b11ce691a", size = 1877003, upload-time = "2025-12-08T01:43:29.967Z" },
    { url = "https://files.pythonhosted.org/packages/e8/dd/a237e9f565f3617a88b49284b59cbca2a4f56ebe68676c1aad0ce36a54a7/black-25.12.0-cp311-cp311-macosx_11_0_arm64.whl", hash = "sha256:1a2f578ae20c19c50a382286ba78bfbeafdf788579b053d8e4980afb079ab9be", size = 1712639, upload-time = "2025-12-08T01:52:46.756Z" },
    { url = "https://files.pythonhosted.org/packages/12/80/e187079df1ea4c12a0c63282ddd8b81d5107db6d642f7d7b75a6bcd6fc21/black-25.12.0-cp311-cp311-manylinux2014_x86_64.manylinux_2_17_x86_64.manylinux_2_28_x86_64.whl", hash = "sha256:d3e1b65634b0e471d07ff86ec338819e2ef860689859ef4501ab7ac290431f9b", size = 1758143, upload-time = "2025-12-08T01:45:29.137Z" },
    { url = "https://files.pythonhosted.org/packages/93/b5/3096ccee4f29dc2c3aac57274326c4d2d929a77e629f695f544e159bfae4/black-25.12.0-cp311-cp311-win_amd64.whl", hash = "sha256:a3fa71e3b8dd9f7c6ac4d818345237dfb4175ed3bf37cd5a581dbc4c034f1ec5", size = 1420698, upload-time = "2025-12-08T01:45:53.379Z" },
    { url = "https://files.pythonhosted.org/packages/7e/39/f81c0ffbc25ffbe61c7d0385bf277e62ffc3e52f5ee668d7369d9854fadf/black-25.12.0-cp311-cp311-win_arm64.whl", hash = "sha256:51e267458f7e650afed8445dc7edb3187143003d52a1b710c7321aef22aa9655", size = 1229317, upload-time = "2025-12-08T01:46:35.606Z" },
    { url = "https://files.pythonhosted.org/packages/d1/bd/26083f805115db17fda9877b3c7321d08c647df39d0df4c4ca8f8450593e/black-25.12.0-cp312-cp312-macosx_10_13_x86_64.whl", hash = "sha256:31f96b7c98c1ddaeb07dc0f56c652e25bdedaac76d5b68a059d998b57c55594a", size = 1924178, upload-time = "2025-12-08T01:49:51.048Z" },
    { url = "https://files.pythonhosted.org/packages/89/6b/ea00d6651561e2bdd9231c4177f4f2ae19cc13a0b0574f47602a7519b6ca/black-25.12.0-cp312-cp312-macosx_11_0_arm64.whl", hash = "sha256:05dd459a19e218078a1f98178c13f861fe6a9a5f88fc969ca4d9b49eb1809783", size = 1742643, upload-time = "2025-12-08T01:49:59.09Z" },
    { url = "https://files.pythonhosted.org/packages/6d/f3/360fa4182e36e9875fabcf3a9717db9d27a8d11870f21cff97725c54f35b/black-25.12.0-cp312-cp312-manylinux2014_x86_64.manylinux_2_17_x86_64.manylinux_2_28_x86_64.whl", hash = "sha256:c1f68c5eff61f226934be6b5b80296cf6939e5d2f0c2f7d543ea08b204bfaf59", size = 1800158, upload-time = "2025-12-08T01:44:27.301Z" },
    { url = "https://files.pythonhosted.org/packages/f8/08/2c64830cb6616278067e040acca21d4f79727b23077633953081c9445d61/black-25.12.0-cp312-cp312-win_amd64.whl", hash = "sha256:274f940c147ddab4442d316b27f9e332ca586d39c85ecf59ebdea82cc9ee8892", size = 1426197, upload-time = "2025-12-08T01:45:51.198Z" },
    { url = "https://files.pythonhosted.org/packages/d4/60/a93f55fd9b9816b7432cf6842f0e3000fdd5b7869492a04b9011a133ee37/black-25.12.0-cp312-cp312-win_arm64.whl", hash = "sha256:169506ba91ef21e2e0591563deda7f00030cb466e747c4b09cb0a9dae5db2f43", size = 1237266, upload-time = "2025-12-08T01:45:10.556Z" },
    { url = "https://files.pythonhosted.org/packages/c8/52/c551e36bc95495d2aa1a37d50566267aa47608c81a53f91daa809e03293f/black-25.12.0-cp313-cp313-macosx_10_13_x86_64.whl", hash = "sha256:a05ddeb656534c3e27a05a29196c962877c83fa5503db89e68857d1161ad08a5", size = 1923809, upload-time = "2025-12-08T01:46:55.126Z" },
    { url = "https://files.pythonhosted.org/packages/a0/f7/aac9b014140ee56d247e707af8db0aae2e9efc28d4a8aba92d0abd7ae9d1/black-25.12.0-cp313-cp313-macosx_11_0_arm64.whl", hash = "sha256:9ec77439ef3e34896995503865a85732c94396edcc739f302c5673a2315e1e7f", size = 1742384, upload-time = "2025-12-08T01:49:37.022Z" },
    { url = "https://files.pythonhosted.org/packages/74/98/38aaa018b2ab06a863974c12b14a6266badc192b20603a81b738c47e902e/black-25.12.0-cp313-cp313-manylinux2014_x86_64.manylinux_2_17_x86_64.manylinux_2_28_x86_64.whl", hash = "sha256:0e509c858adf63aa61d908061b52e580c40eae0dfa72415fa47ac01b12e29baf", size = 1798761, upload-time = "2025-12-08T01:46:05.386Z" },
    { url = "https://files.pythonhosted.org/packages/16/3a/a8ac542125f61574a3f015b521ca83b47321ed19bb63fe6d7560f348bfe1/black-25.12.0-cp313-cp313-win_amd64.whl", hash = "sha256:252678f07f5bac4ff0d0e9b261fbb029fa530cfa206d0a636a34ab445ef8ca9d", size = 1429180, upload-time = "2025-12-08T01:45:34.903Z" },
    { url = "https://files.pythonhosted.org/packages/e6/2d/bdc466a3db9145e946762d52cd55b1385509d9f9004fec1c97bdc8debbfb/black-25.12.0-cp313-cp313-win_arm64.whl", hash = "sha256:bc5b1c09fe3c931ddd20ee548511c64ebf964ada7e6f0763d443947fd1c603ce", size = 1239350, upload-time = "2025-12-08T01:46:09.458Z" },
    { url = "https://files.pythonhosted.org/packages/35/46/1d8f2542210c502e2ae1060b2e09e47af6a5e5963cb78e22ec1a11170b28/black-25.12.0-cp314-cp314-macosx_10_15_x86_64.whl", hash = "sha256:0a0953b134f9335c2434864a643c842c44fba562155c738a2a37a4d61f00cad5", size = 1917015, upload-time = "2025-12-08T01:53:27.987Z" },
    { url = "https://files.pythonhosted.org/packages/41/37/68accadf977672beb8e2c64e080f568c74159c1aaa6414b4cd2aef2d7906/black-25.12.0-cp314-cp314-macosx_11_0_arm64.whl", hash = "sha256:2355bbb6c3b76062870942d8cc450d4f8ac71f9c93c40122762c8784df49543f", size = 1741830, upload-time = "2025-12-08T01:54:36.861Z" },
    { url = "https://files.pythonhosted.org/packages/ac/76/03608a9d8f0faad47a3af3a3c8c53af3367f6c0dd2d23a84710456c7ac56/black-25.12.0-cp314-cp314-manylinux2014_x86_64.manylinux_2_17_x86_64.manylinux_2_28_x86_64.whl", hash = "sha256:9678bd991cc793e81d19aeeae57966ee02909877cb65838ccffef24c3ebac08f", size = 1791450, upload-time = "2025-12-08T01:44:52.581Z" },
    { url = "https://files.pythonhosted.org/packages/06/99/b2a4bd7dfaea7964974f947e1c76d6886d65fe5d24f687df2d85406b2609/black-25.12.0-cp314-cp314-win_amd64.whl", hash = "sha256:97596189949a8aad13ad12fcbb4ae89330039b96ad6742e6f6b45e75ad5cfd83", size = 1452042, upload-time = "2025-12-08T01:46:13.188Z" },
    { url = "https://files.pythonhosted.org/packages/b2/7c/d9825de75ae5dd7795d007681b752275ea85a1c5d83269b4b9c754c2aaab/black-25.12.0-cp314-cp314-win_arm64.whl", hash = "sha256:778285d9ea197f34704e3791ea9404cd6d07595745907dd2ce3da7a13627b29b", size = 1267446, upload-time = "2025-12-08T01:46:14.497Z" },
    { url = "https://files.pythonhosted.org/packages/68/11/21331aed19145a952ad28fca2756a1433ee9308079bd03bd898e903a2e53/black-25.12.0-py3-none-any.whl", hash = "sha256:48ceb36c16dbc84062740049eef990bb2ce07598272e673c17d1a7720c71c828", size = 206191, upload-time = "2025-12-08T01:40:50.963Z" },
]

[[package]]
name = "cfgv"
version = "3.4.0"
source = { registry = "https://pypi.org/simple" }
sdist = { url = "https://files.pythonhosted.org/packages/11/74/539e56497d9bd1d484fd863dd69cbbfa653cd2aa27abfe35653494d85e94/cfgv-3.4.0.tar.gz", hash = "sha256:e52591d4c5f5dead8e0f673fb16db7949d2cfb3f7da4582893288f0ded8fe560", size = 7114, upload-time = "2023-08-12T20:38:17.776Z" }
wheels = [
    { url = "https://files.pythonhosted.org/packages/c5/55/51844dd50c4fc7a33b653bfaba4c2456f06955289ca770a5dbd5fd267374/cfgv-3.4.0-py2.py3-none-any.whl", hash = "sha256:b7265b1f29fd3316bfcd2b330d63d024f2bfd8bcb8b0272f8e19a504856c48f9", size = 7249, upload-time = "2023-08-12T20:38:16.269Z" },
]

[[package]]
name = "click"
version = "8.1.7"
source = { registry = "https://pypi.org/simple" }
dependencies = [
    { name = "colorama", marker = "sys_platform == 'win32'" },
]
sdist = { url = "https://files.pythonhosted.org/packages/96/d3/f04c7bfcf5c1862a2a5b845c6b2b360488cf47af55dfa79c98f6a6bf98b5/click-8.1.7.tar.gz", hash = "sha256:ca9853ad459e787e2192211578cc907e7594e294c7ccc834310722b41b9ca6de", size = 336121, upload-time = "2023-08-17T17:29:11.868Z" }
wheels = [
    { url = "https://files.pythonhosted.org/packages/00/2e/d53fa4befbf2cfa713304affc7ca780ce4fc1fd8710527771b58311a3229/click-8.1.7-py3-none-any.whl", hash = "sha256:ae74fb96c20a0277a1d615f1e4d73c8414f5a98db8b799a7931d1582f3390c28", size = 97941, upload-time = "2023-08-17T17:29:10.08Z" },
]

[[package]]
name = "colorama"
version = "0.4.6"
source = { registry = "https://pypi.org/simple" }
sdist = { url = "https://files.pythonhosted.org/packages/d8/53/6f443c9a4a8358a93a6792e2acffb9d9d5cb0a5cfd8802644b7b1c9a02e4/colorama-0.4.6.tar.gz", hash = "sha256:08695f5cb7ed6e0531a20572697297273c47b8cae5a63ffc6d6ed5c201be6e44", size = 27697, upload-time = "2022-10-25T02:36:22.414Z" }
wheels = [
    { url = "https://files.pythonhosted.org/packages/d1/d6/3965ed04c63042e047cb6a3e6ed1a63a35087b6a609aa3a15ed8ac56c221/colorama-0.4.6-py2.py3-none-any.whl", hash = "sha256:4f1d9991f5acc0ca119f9d443620b77f9d6b33703e51011c16baf57afb285fc6", size = 25335, upload-time = "2022-10-25T02:36:20.889Z" },
]

[[package]]
name = "distlib"
version = "0.3.7"
source = { registry = "https://pypi.org/simple" }
sdist = { url = "https://files.pythonhosted.org/packages/29/34/63be59bdf57b3a8a8dcc252ef45c40f3c018777dc8843d45dd9b869868f0/distlib-0.3.7.tar.gz", hash = "sha256:9dafe54b34a028eafd95039d5e5d4851a13734540f1331060d31c9916e7147a8", size = 609479, upload-time = "2023-07-17T10:19:05.622Z" }
wheels = [
    { url = "https://files.pythonhosted.org/packages/43/a0/9ba967fdbd55293bacfc1507f58e316f740a3b231fc00e3d86dc39bc185a/distlib-0.3.7-py2.py3-none-any.whl", hash = "sha256:2e24928bc811348f0feb63014e97aaae3037f2cf48712d51ae61df7fd6075057", size = 468869, upload-time = "2023-07-17T10:19:02.875Z" },
]

[[package]]
name = "exceptiongroup"
version = "1.2.0"
source = { registry = "https://pypi.org/simple" }
sdist = { url = "https://files.pythonhosted.org/packages/8e/1c/beef724eaf5b01bb44b6338c8c3494eff7cab376fab4904cfbbc3585dc79/exceptiongroup-1.2.0.tar.gz", hash = "sha256:91f5c769735f051a4290d52edd0858999b57e5876e9f85937691bd4c9fa3ed68", size = 26264, upload-time = "2023-11-21T08:42:17.407Z" }
wheels = [
    { url = "https://files.pythonhosted.org/packages/b8/9a/5028fd52db10e600f1c4674441b968cf2ea4959085bfb5b99fb1250e5f68/exceptiongroup-1.2.0-py3-none-any.whl", hash = "sha256:4bfd3996ac73b41e9b9628b04e079f193850720ea5945fc96a08633c66912f14", size = 16210, upload-time = "2023-11-21T08:42:15.525Z" },
]

[[package]]
name = "ffmpeg-wrapper"
version = "0.2.2"
source = { editable = "." }

[package.dev-dependencies]
dev = [
    { name = "black" },
    { name = "flake8" },
    { name = "flake8-pyproject" },
    { name = "isort" },
    { name = "pre-commit" },
    { name = "pytest" },
]

[package.metadata]

[package.metadata.requires-dev]
dev = [
    { name = "black", specifier = ">=25,<26" },
    { name = "flake8", specifier = ">=7,<8" },
    { name = "flake8-pyproject", specifier = ">=1.2.3,<2" },
    { name = "isort", specifier = ">=5.12,<6" },
    { name = "pre-commit" },
    { name = "pytest", specifier = ">=7,<8" },
]

[[package]]
name = "filelock"
version = "3.13.1"
source = { registry = "https://pypi.org/simple" }
sdist = { url = "https://files.pythonhosted.org/packages/70/70/41905c80dcfe71b22fb06827b8eae65781783d4a14194bce79d16a013263/filelock-3.13.1.tar.gz", hash = "sha256:521f5f56c50f8426f5e03ad3b281b490a87ef15bc6c526f168290f0c7148d44e", size = 14553, upload-time = "2023-10-30T18:29:39.035Z" }
wheels = [
    { url = "https://files.pythonhosted.org/packages/81/54/84d42a0bee35edba99dee7b59a8d4970eccdd44b99fe728ed912106fc781/filelock-3.13.1-py3-none-any.whl", hash = "sha256:57dbda9b35157b05fb3e58ee91448612eb674172fab98ee235ccb0b5bee19a1c", size = 11740, upload-time = "2023-10-30T18:29:37.267Z" },
]

[[package]]
name = "flake8"
version = "7.3.0"
source = { registry = "https://pypi.org/simple" }
dependencies = [
    { name = "mccabe" },
    { name = "pycodestyle" },
    { name = "pyflakes" },
]
sdist = { url = "https://files.pythonhosted.org/packages/9b/af/fbfe3c4b5a657d79e5c47a2827a362f9e1b763336a52f926126aa6dc7123/flake8-7.3.0.tar.gz", hash = "sha256:fe044858146b9fc69b551a4b490d69cf960fcb78ad1edcb84e7fbb1b4a8e3872", size = 48326, upload-time = "2025-06-20T19:31:35.838Z" }
wheels = [
    { url = "https://files.pythonhosted.org/packages/9f/56/13ab06b4f93ca7cac71078fbe37fcea175d3216f31f85c3168a6bbd0bb9a/flake8-7.3.0-py2.py3-none-any.whl", hash = "sha256:b9696257b9ce8beb888cdbe31cf885c90d31928fe202be0889a7cdafad32f01e", size = 57922, upload-time = "2025-06-20T19:31:34.425Z" },
]

[[package]]
name = "flake8-pyproject"
version = "1.2.4"
source = { registry = "https://pypi.org/simple" }
dependencies = [
    { name = "flake8" },
    { name = "tomli", marker = "python_full_version < '3.11'" },
]
wheels = [
    { url = "https://files.pythonhosted.org/packages/85/6a/cdee9ff7f2b7c6ddc219fd95b7c70c0a3d9f0367a506e9793eedfc72e337/flake8_pyproject-1.2.4-py3-none-any.whl", hash = "sha256:ea34c057f9a9329c76d98723bb2bb498cc6ba8ff9872c4d19932d48c91249a77", size = 5694, upload-time = "2025-11-28T21:40:01.309Z" },
]

[[package]]
name = "identify"
version = "2.5.32"
source = { registry = "https://pypi.org/simple" }
sdist = { url = "https://files.pythonhosted.org/packages/82/cb/d7ca096a5bea337db7bcca03afd18c4a7fe502ba1b0c64915950c37a5d41/identify-2.5.32.tar.gz", hash = "sha256:5d9979348ec1a21c768ae07e0a652924538e8bce67313a73cb0f681cf08ba407", size = 99027, upload-time = "2023-11-18T17:52:20.911Z" }
wheels = [
    { url = "https://files.pythonhosted.org/packages/21/10/a440f2260e2def024f5deb08a59e7d89448dd8f36049183b9fa678a098ad/identify-2.5.32-py2.py3-none-any.whl", hash = "sha256:0b7656ef6cba81664b783352c73f8c24b39cf82f926f78f4550eda928e5e0545", size = 98925, upload-time = "2023-11-18T17:52:18.615Z" },
]

[[package]]
name = "iniconfig"
version = "2.0.0"
source = { registry = "https://pypi.org/simple" }
sdist = { url = "https://files.pythonhosted.org/packages/d7/4b/cbd8e699e64a6f16ca3a8220661b5f83792b3017d0f79807cb8708d33913/iniconfig-2.0.0.tar.gz", hash = "sha256:2d91e135bf72d31a410b17c16da610a82cb55f6b0477d1a902134b24a455b8b3", size = 4646, upload-time = "2023-01-07T11:08:11.254Z" }
wheels = [
    { url = "https://files.pythonhosted.org/packages/ef/a6/62565a6e1cf69e10f5727360368e451d4b7f58beeac6173dc9db836a5b46/iniconfig-2.0.0-py3-none-any.whl", hash = "sha256:b6a85871a79d2e3b22d2d1b94ac2824226a63c6b741c88f7ae975f18b6778374", size = 5892, upload-time = "2023-01-07T11:08:09.864Z" },
]

[[package]]
name = "isort"
version = "5.12.0"
source = { registry = "https://pypi.org/simple" }
sdist = { url = "https://files.pythonhosted.org/packages/a9/c4/dc00e42c158fc4dda2afebe57d2e948805c06d5169007f1724f0683010a9/isort-5.12.0.tar.gz", hash = "sha256:8bef7dde241278824a6d83f44a544709b065191b95b6e50894bdc722fcba0504", size = 174643, upload-time = "2023-01-28T17:10:22.636Z" }
wheels = [
    { url = "https://files.pythonhosted.org/packages/0a/63/4036ae70eea279c63e2304b91ee0ac182f467f24f86394ecfe726092340b/isort-5.12.0-py3-none-any.whl", hash = "sha256:f84c2818376e66cf843d497486ea8fed8700b340f308f076c6fb1229dff318b6", size = 91198, upload-time = "2023-01-28T17:10:21.149Z" },
]

[[package]]
name = "mccabe"
version = "0.7.0"
source = { registry = "https://pypi.org/simple" }
sdist = { url = "https://files.pythonhosted.org/packages/e7/ff/0ffefdcac38932a54d2b5eed4e0ba8a408f215002cd178ad1df0f2806ff8/mccabe-0.7.0.tar.gz", hash = "sha256:348e0240c33b60bbdf4e523192ef919f28cb2c3d7d5c7794f74009290f236325", size = 9658, upload-time = "2022-01-24T01:14:51.113Z" }
wheels = [
    { url = "https://files.pythonhosted.org/packages/27/1a/1f68f9ba0c207934b35b86a8ca3aad8395a3d6dd7921c0686e23853ff5a9/mccabe-0.7.0-py2.py3-none-any.whl", hash = "sha256:6c2d30ab6be0e4a46919781807b4f0d834ebdd6c6e3dca0bda5a15f863427b6e", size = 7350, upload-time = "2022-01-24T01:14:49.62Z" },
]

[[package]]
name = "mypy-extensions"
version = "1.0.0"
source = { registry = "https://pypi.org/simple" }
sdist = { url = "https://files.pythonhosted.org/packages/98/a4/1ab47638b92648243faf97a5aeb6ea83059cc3624972ab6b8d2316078d3f/mypy_extensions-1.0.0.tar.gz", hash = "sha256:75dbf8955dc00442a438fc4d0666508a9a97b6bd41aa2f0ffe9d2f2725af0782", size = 4433, upload-time = "2023-02-04T12:11:27.157Z" }
wheels = [
    { url = "https://files.pythonhosted.org/packages/2a/e2/5d3f6ada4297caebe1a2add3b126fe800c96f56dbe5d1988a2cbe0b267aa/mypy_extensions-1.0.0-py3-none-any.whl", hash = "sha256:4392f6c0eb8a5668a69e23d168ffa70f0be9ccfd32b5cc2d26a34ae5b844552d", size = 4695, upload-time = "2023-02-04T12:11:25.002Z" },
]

[[package]]
name = "nodeenv"
version = "1.8.0"
source = { registry = "https://pypi.org/simple" }
dependencies = [
    { name = "setuptools" },
]
sdist = { url = "https://files.pythonhosted.org/packages/48/92/8e83a37d3f4e73c157f9fcf9fb98ca39bd94701a469dc093b34dca31df65/nodeenv-1.8.0.tar.gz", hash = "sha256:d51e0c37e64fbf47d017feac3145cdbb58836d7eee8c6f6d3b6880c5456227d2", size = 36669, upload-time = "2023-05-12T08:10:14.224Z" }
wheels = [
    { url = "https://files.pythonhosted.org/packages/1a/e6/6d2ead760a9ddb35e65740fd5a57e46aadd7b0c49861ab24f94812797a1c/nodeenv-1.8.0-py2.py3-none-any.whl", hash = "sha256:df865724bb3c3adc86b3876fa209771517b0cfe596beff01a92700e0e8be4cec", size = 22136, upload-time = "2023-05-12T08:09:57.672Z" },
]

[[package]]
name = "packaging"
version = "23.2"
source = { registry = "https://pypi.org/simple" }
sdist = { url = "https://files.pythonhosted.org/packages/fb/2b/9b9c33ffed44ee921d0967086d653047286054117d584f1b1a7c22ceaf7b/packaging-23.2.tar.gz", hash = "sha256:048fb0e9405036518eaaf48a55953c750c11e1a1b68e0dd1a9d62ed0c092cfc5", size = 146714, upload-time = "2023-10-01T13:50:05.279Z" }
wheels = [
    { url = "https://files.pythonhosted.org/packages/ec/1a/610693ac4ee14fcdf2d9bf3c493370e4f2ef7ae2e19217d7a237ff42367d/packaging-23.2-py3-none-any.whl", hash = "sha256:8c491190033a9af7e1d931d0b5dacc2ef47509b34dd0de67ed209b5203fc88c7", size = 53011, upload-time = "2023-10-01T13:50:03.745Z" },
]

[[package]]
name = "pathspec"
version = "0.11.2"
source = { registry = "https://pypi.org/simple" }
sdist = { url = "https://files.pythonhosted.org/packages/a0/2a/bd167cdf116d4f3539caaa4c332752aac0b3a0cc0174cdb302ee68933e81/pathspec-0.11.2.tar.gz", hash = "sha256:e0d8d0ac2f12da61956eb2306b69f9469b42f4deb0f3cb6ed47b9cce9996ced3", size = 47032, upload-time = "2023-07-29T01:05:04.481Z" }
wheels = [
    { url = "https://files.pythonhosted.org/packages/b4/2a/9b1be29146139ef459188f5e420a66e835dda921208db600b7037093891f/pathspec-0.11.2-py3-none-any.whl", hash = "sha256:1d6ed233af05e679efb96b1851550ea95bbb64b7c490b0f5aa52996c11e92a20", size = 29603, upload-time = "2023-07-29T01:05:02.656Z" },
]

[[package]]
name = "platformdirs"
version = "4.0.0"
source = { registry = "https://pypi.org/simple" }
sdist = { url = "https://files.pythonhosted.org/packages/31/28/e40d24d2e2eb23135f8533ad33d582359c7825623b1e022f9d460def7c05/platformdirs-4.0.0.tar.gz", hash = "sha256:cb633b2bcf10c51af60beb0ab06d2f1d69064b43abf4c185ca6b28865f3f9731", size = 19914, upload-time = "2023-11-10T16:43:08.316Z" }
wheels = [
    { url = "https://files.pythonhosted.org/packages/31/16/70be3b725073035aa5fc3229321d06e22e73e3e09f6af78dcfdf16c7636c/platformdirs-4.0.0-py3-none-any.whl", hash = "sha256:118c954d7e949b35437270383a3f2531e99dd93cf7ce4dc8340d3356d30f173b", size = 17562, upload-time = "2023-11-10T16:43:06.949Z" },
]

[[package]]
name = "pluggy"
version = "1.3.0"
source = { registry = "https://pypi.org/simple" }
sdist = { url = "https://files.pythonhosted.org/packages/36/51/04defc761583568cae5fd533abda3d40164cbdcf22dee5b7126ffef68a40/pluggy-1.3.0.tar.gz", hash = "sha256:cf61ae8f126ac6f7c451172cf30e3e43d3ca77615509771b3a984a0730651e12", size = 63670, upload-time = "2023-08-26T19:10:20.544Z" }
wheels = [
    { url = "https://files.pythonhosted.org/packages/05/b8/42ed91898d4784546c5f06c60506400548db3f7a4b3fb441cba4e5c17952/pluggy-1.3.0-py3-none-any.whl", hash = "sha256:d89c696a773f8bd377d18e5ecda92b7a3793cbe66c87060a6fb58c7b6e1061f7", size = 18934, upload-time = "2023-08-26T19:10:18.887Z" },
]

[[package]]
name = "pre-commit"
version = "3.5.0"
source = { registry = "https://pypi.org/simple" }
dependencies = [
    { name = "cfgv" },
    { name = "identify" },
    { name = "nodeenv" },
    { name = "pyyaml" },
    { name = "virtualenv" },
]
sdist = { url = "https://files.pythonhosted.org/packages/04/b3/4ae08d21eb097162f5aad37f4585f8069a86402ed7f5362cc9ae097f9572/pre_commit-3.5.0.tar.gz", hash = "sha256:5804465c675b659b0862f07907f96295d490822a450c4c40e747d0b1c6ebcb32", size = 177079, upload-time = "2023-10-13T15:57:48.334Z" }
wheels = [
    { url = "https://files.pythonhosted.org/packages/6c/75/526915fedf462e05eeb1c75ceaf7e3f9cde7b5ce6f62740fe5f7f19a0050/pre_commit-3.5.0-py2.py3-none-any.whl", hash = "sha256:841dc9aef25daba9a0238cd27984041fa0467b4199fc4852e27950664919f660", size = 203698, upload-time = "2023-10-13T15:57:46.378Z" },
]

[[package]]
name = "pycodestyle"
version = "2.14.0"
source = { registry = "https://pypi.org/simple" }
sdist = { url = "https://files.pythonhosted.org/packages/11/e0/abfd2a0d2efe47670df87f3e3a0e2edda42f055053c85361f19c0e2c1ca8/pycodestyle-2.14.0.tar.gz", hash = "sha256:c4b5b517d278089ff9d0abdec919cd97262a3367449ea1c8b49b91529167b783", size = 39472, upload-time = "2025-06-20T18:49:48.75Z" }
wheels = [
    { url = "https://files.pythonhosted.org/packages/d7/27/a58ddaf8c588a3ef080db9d0b7e0b97215cee3a45df74f3a94dbbf5c893a/pycodestyle-2.14.0-py2.py3-none-any.whl", hash = "sha256:dd6bf7cb4ee77f8e016f9c8e74a35ddd9f67e1d5fd4184d86c3b98e07099f42d", size = 31594, upload-time = "2025-06-20T18:49:47.491Z" },
]

[[package]]
name = "pyflakes"
version = "3.4.0"
source = { registry = "https://pypi.org/simple" }
sdist = { url = "https://files.pythonhosted.org/packages/45/dc/fd034dc20b4b264b3d015808458391acbf9df40b1e54750ef175d39180b1/pyflakes-3.4.0.tar.gz", hash = "sha256:b24f96fafb7d2ab0ec5075b7350b3d2d2218eab42003821c06344973d3ea2f58", size = 64669, upload-time = "2025-06-20T18:45:27.834Z" }
wheels = [
    { url = "https://files.pythonhosted.org/packages/c2/2f/81d580a0fb83baeb066698975cb14a618bdbed7720678566f1b046a95fe8/pyflakes-3.4.0-py2.py3-none-any.whl", hash = "sha256:f742a7dbd0d9cb9ea41e9a24a918996e8170c799fa528688d40dd582c8265f4f", size = 63551, upload-time = "2025-06-20T18:45:26.937Z" },
]

[[package]]
name = "pytest"
version = "7.4.3"
source = { registry = "https://pypi.org/simple" }
dependencies = [
    { name = "colorama", marker = "sys_platform == 'win32'" },
    { name = "exceptiongroup", marker = "python_full_version < '3.11'" },
    { name = "iniconfig" },
    { name = "packaging" },
    { name = "pluggy" },
    { name = "tomli", marker = "python_full_version < '3.11'" },
]
sdist = { url = "https://files.pythonhosted.org/packages/38/d4/174f020da50c5afe9f5963ad0fc5b56a4287e3586e3de5b3c8bce9c547b4/pytest-7.4.3.tar.gz", hash = "sha256:d989d136982de4e3b29dabcc838ad581c64e8ed52c11fbe86ddebd9da0818cd5", size = 1356179, upload-time = "2023-10-24T19:23:16.858Z" }
wheels = [
    { url = "https://files.pythonhosted.org/packages/f3/8c/f16efd81ca8e293b2cc78f111190a79ee539d0d5d36ccd49975cb3beac60/pytest-7.4.3-py3-none-any.whl", hash = "sha256:0d009c083ea859a71b76adf7c1d502e4bc170b80a8ef002da5806527b9591fac", size = 325075, upload-time = "2023-10-24T19:23:14.124Z" },
]

[[package]]
name = "pytokens"
version = "0.4.1"
source = { registry = "https://pypi.org/simple" }
sdist = { url = "https://files.pythonhosted.org/packages/b6/34/b4e015b99031667a7b960f888889c5bd34ef585c85e1cb56a594b92836ac/pytokens-0.4.1.tar.gz", hash = "sha256:292052fe80923aae2260c073f822ceba21f3872ced9a68bb7953b348e561179a", size = 23015, upload-time = "2026-01-30T01:03:45.924Z" }
wheels = [
    { url = "https://files.pythonhosted.org/packages/42/24/f206113e05cb8ef51b3850e7ef88f20da6f4bf932190ceb48bd3da103e10/pytokens-0.4.1-cp310-cp310-macosx_11_0_arm64.whl", hash = "sha256:2a44ed93ea23415c54f3face3b65ef2b844d96aeb3455b8a69b3df6beab6acc5", size = 161522, upload-time = "2026-01-30T01:02:50.393Z" },
    { url = "https://files.pythonhosted.org/packages/d4/e9/06a6bf1b90c2ed81a9c7d2544232fe5d2891d1cd480e8a1809ca354a8eb2/pytokens-0.4.1-cp310-cp310-manylinux2014_aarch64.manylinux_2_17_aarch64.manylinux_2_28_aarch64.whl", hash = "sha256:add8bf86b71a5d9fb5b89f023a80b791e04fba57960aa790cc6125f7f1d39dfe", size = 246945, upload-time = "2026-01-30T01:02:52.399Z" },
    { url = "https://files.pythonhosted.org/packages/69/66/f6fb1007a4c3d8b682d5d65b7c1fb33257587a5f782647091e3408abe0b8/pytokens-0.4.1-cp310-cp310-manylinux2014_x86_64.manylinux_2_17_x86_64.manylinux_2_28_x86_64.whl", hash = "sha256:670d286910b531c7b7e3c0b453fd8156f250adb140146d234a82219459b9640c", size = 259525, upload-time = "2026-01-30T01:02:53.737Z" },
    { url = "https://files.pythonhosted.org/packages/04/92/086f89b4d622a18418bac74ab5db7f68cf0c21cf7cc92de6c7b919d76c88/pytokens-0.4.1-cp310-cp310-musllinux_1_2_x86_64.whl", hash = "sha256:4e691d7f5186bd2842c14813f79f8884bb03f5995f0575272009982c5ac6c0f7", size = 262693, upload-time = "2026-01-30T01:02:54.871Z" },
    { url = "https://files.pythonhosted.org/packages/b4/7b/8b31c347cf94a3f900bdde750b2e9131575a61fdb620d3d3c75832262137/pytokens-0.4.1-cp310-cp310-win_amd64.whl", hash = "sha256:27b83ad28825978742beef057bfe406ad6ed524b2d28c252c5de7b4a6dd48fa2", size = 103567, upload-time = "2026-01-30T01:02:56.414Z" },
    { url = "https://files.pythonhosted.org/packages/3d/92/790ebe03f07b57e53b10884c329b9a1a308648fc083a6d4a39a10a28c8fc/pytokens-0.4.1-cp311-cp311-macosx_11_0_arm64.whl", hash = "sha256:d70e77c55ae8380c91c0c18dea05951482e263982911fc7410b1ffd1dadd3440", size = 160864, upload-time = "2026-01-30T01:02:57.882Z" },
    { url = "https://files.pythonhosted.org/packages/13/25/a4f555281d975bfdd1eba731450e2fe3a95870274da73fb12c40aeae7625/pytokens-0.4.1-cp311-cp311-manylinux2014_aarch64.manylinux_2_17_aarch64.manylinux_2_28_aarch64.whl", hash = "sha256:4a58d057208cb9075c144950d789511220b07636dd2e4708d5645d24de666bdc", size = 248565, upload-time = "2026-01-30T01:02:59.912Z" },
    { url = "https://files.pythonhosted.org/packages/17/50/bc0394b4ad5b1601be22fa43652173d47e4c9efbf0044c62e9a59b747c56/pytokens-0.4.1-cp311-cp311-manylinux2014_x86_64.manylinux_2_17_x86_64.manylinux_2_28_x86_64.whl", hash = "sha256:b49750419d300e2b5a3813cf229d4e5a4c728dae470bcc89867a9ad6f25a722d", size = 260824, upload-time = "2026-01-30T01:03:01.471Z" },
    { url = "https://files.pythonhosted.org/packages/4e/54/3e04f9d92a4be4fc6c80016bc396b923d2a6933ae94b5f557c939c460ee0/pytokens-0.4.1-cp311-cp311-musllinux_1_2_x86_64.whl", hash = "sha256:d9907d61f15bf7261d7e775bd5d7ee4d2930e04424bab1972591918497623a16", size = 264075, upload-time = "2026-01-30T01:03:04.143Z" },
    { url = "https://files.pythonhosted.org/packages/d1/1b/44b0326cb5470a4375f37988aea5d61b5cc52407143303015ebee94abfd6/pytokens-0.4.1-cp311-cp311-win_amd64.whl", hash = "sha256:ee44d0f85b803321710f9239f335aafe16553b39106384cef8e6de40cb4ef2f6", size = 103323, upload-time = "2026-01-30T01:03:05.412Z" },
    { url = "https://files.pythonhosted.org/packages/41/5d/e44573011401fb82e9d51e97f1290ceb377800fb4eed650b96f4753b499c/pytokens-0.4.1-cp312-cp312-macosx_11_0_arm64.whl", hash = "sha256:140709331e846b728475786df8aeb27d24f48cbcf7bcd449f8de75cae7a45083", size = 160663, upload-time = "2026-01-30T01:03:06.473Z" },
    { url = "https://files.pythonhosted.org/packages/f0/e6/5bbc3019f8e6f21d09c41f8b8654536117e5e211a85d89212d59cbdab381/pytokens-0.4.1-cp312-cp312-manylinux2014_aarch64.manylinux_2_17_aarch64.manylinux_2_28_aarch64.whl", hash = "sha256:6d6c4268598f762bc8e91f5dbf2ab2f61f7b95bdc07953b602db879b3c8c18e1", size = 255626, upload-time = "2026-01-30T01:03:08.177Z" },
    { url = "https://files.pythonhosted.org/packages/bf/3c/2d5297d82286f6f3d92770289fd439956b201c0a4fc7e72efb9b2293758e/pytokens-0.4.1-cp312-cp312-manylinux2014_x86_64.manylinux_2_17_x86_64.manylinux_2_28_x86_64.whl", hash = "sha256:24afde1f53d95348b5a0eb19488661147285ca4dd7ed752bbc3e1c6242a304d1", size = 269779, upload-time = "2026-01-30T01:03:09.756Z" },
    { url = "https://files.pythonhosted.org/packages/20/01/7436e9ad693cebda0551203e0bf28f7669976c60ad07d6402098208476de/pytokens-0.4.1-cp312-cp312-musllinux_1_2_x86_64.whl", hash = "sha256:5ad948d085ed6c16413eb5fec6b3e02fa00dc29a2534f088d3302c47eb59adf9", size = 268076, upload-time = "2026-01-30T01:03:10.957Z" },
    { url = "https://files.pythonhosted.org/packages/2e/df/533c82a3c752ba13ae7ef238b7f8cdd272cf1475f03c63ac6cf3fcfb00b6/pytokens-0.4.1-cp312-cp312-win_amd64.whl", hash = "sha256:3f901fe783e06e48e8cbdc82d631fca8f118333798193e026a50ce1b3757ea68", size = 103552, upload-time = "2026-01-30T01:03:12.066Z" },
    { url = "https://files.pythonhosted.org/packages/cb/dc/08b1a080372afda3cceb4f3c0a7ba2bde9d6a5241f1edb02a22a019ee147/pytokens-0.4.1-cp313-cp313-macosx_11_0_arm64.whl", hash = "sha256:8bdb9d0ce90cbf99c525e75a2fa415144fd570a1ba987380190e8b786bc6ef9b", size = 160720, upload-time = "2026-01-30T01:03:13.843Z" },
    { url = "https://files.pythonhosted.org/packages/64/0c/41ea22205da480837a700e395507e6a24425151dfb7ead73343d6e2d7ffe/pytokens-0.4.1-cp313-cp313-manylinux2014_aarch64.manylinux_2_17_aarch64.manylinux_2_28_aarch64.whl", hash = "sha256:5502408cab1cb18e128570f8d598981c68a50d0cbd7c61312a90507cd3a1276f", size = 254204, upload-time = "2026-01-30T01:03:14.886Z" },
    { url = "https://files.pythonhosted.org/packages/e0/d2/afe5c7f8607018beb99971489dbb846508f1b8f351fcefc225fcf4b2adc0/pytokens-0.4.1-cp313-cp313-manylinux2014_x86_64.manylinux_2_17_x86_64.manylinux_2_28_x86_64.whl", hash = "sha256:29d1d8fb1030af4d231789959f21821ab6325e463f0503a61d204343c9b355d1", size = 268423, upload-time = "2026-01-30T01:03:15.936Z" },
    { url = "https://files.pythonhosted.org/packages/68/d4/00ffdbd370410c04e9591da9220a68dc1693ef7499173eb3e30d06e05ed1/pytokens-0.4.1-cp313-cp313-musllinux_1_2_x86_64.whl", hash = "sha256:970b08dd6b86058b6dc07efe9e98414f5102974716232d10f32ff39701e841c4", size = 266859, upload-time = "2026-01-30T01:03:17.458Z" },
    { url = "https://files.pythonhosted.org/packages/a7/c9/c3161313b4ca0c601eeefabd3d3b576edaa9afdefd32da97210700e47652/pytokens-0.4.1-cp313-cp313-win_amd64.whl", hash = "sha256:9bd7d7f544d362576be74f9d5901a22f317efc20046efe2034dced238cbbfe78", size = 103520, upload-time = "2026-01-30T01:03:18.652Z" },
    { url = "https://files.pythonhosted.org/packages/8f/a7/b470f672e6fc5fee0a01d9e75005a0e617e162381974213a945fcd274843/pytokens-0.4.1-cp314-cp314-macosx_11_0_arm64.whl", hash = "sha256:4a14d5f5fc78ce85e426aa159489e2d5961acf0e47575e08f35584009178e321", size = 160821, upload-time = "2026-01-30T01:03:19.684Z" },
    { url = "https://files.pythonhosted.org/packages/80/98/e83a36fe8d170c911f864bfded690d2542bfcfacb9c649d11a9e6eb9dc41/pytokens-0.4.1-cp314-cp314-manylinux2014_aarch64.manylinux_2_17_aarch64.manylinux_2_28_aarch64.whl", hash = "sha256:97f50fd18543be72da51dd505e2ed20d2228c74e0464e4262e4899797803d7fa", size = 254263, upload-time = "2026-01-30T01:03:20.834Z" },
    { url = "https://files.pythonhosted.org/packages/0f/95/70d7041273890f9f97a24234c00b746e8da86df462620194cef1d411ddeb/pytokens-0.4.1-cp314-cp314-manylinux2014_x86_64.manylinux_2_17_x86_64.manylinux_2_28_x86_64.whl", hash = "sha256:dc74c035f9bfca0255c1af77ddd2d6ae8419012805453e4b0e7513e17904545d", size = 268071, upload-time = "2026-01-30T01:03:21.888Z" },
    { url = "https://files.pythonhosted.org/packages/da/79/76e6d09ae19c99404656d7db9c35dfd20f2086f3eb6ecb496b5b31163bad/pytokens-0.4.1-cp314-cp314-musllinux_1_2_x86_64.whl", hash = "sha256:f66a6bbe741bd431f6d741e617e0f39ec7257ca1f89089593479347cc4d13324", size = 271716, upload-time = "2026-01-30T01:03:23.633Z" },
    { url = "https://files.pythonhosted.org/packages/79/37/482e55fa1602e0a7ff012661d8c946bafdc05e480ea5a32f4f7e336d4aa9/pytokens-0.4.1-cp314-cp314-win_amd64.whl", hash = "sha256:b35d7e5ad269804f6697727702da3c517bb8a5228afa450ab0fa787732055fc9", size = 104539, upload-time = "2026-01-30T01:03:24.788Z" },
    { url = "https://files.pythonhosted.org/packages/30/e8/20e7db907c23f3d63b0be3b8a4fd1927f6da2395f5bcc7f72242bb963dfe/pytokens-0.4.1-cp314-cp314t-macosx_11_0_arm64.whl", hash = "sha256:8fcb9ba3709ff77e77f1c7022ff11d13553f3c30299a9fe246a166903e9091eb", size = 168474, upload-time = "2026-01-30T01:03:26.428Z" },
    { url = "https://files.pythonhosted.org/packages/d6/81/88a95ee9fafdd8f5f3452107748fd04c24930d500b9aba9738f3ade642cc/pytokens-0.4.1-cp314-cp314t-manylinux2014_aarch64.manylinux_2_17_aarch64.manylinux_2_28_aarch64.whl", hash = "sha256:79fc6b8699564e1f9b521582c35435f1bd32dd06822322ec44afdeba666d8cb3", size = 290473, upload-time = "2026-01-30T01:03:27.415Z" },
    { url = "https://files.pythonhosted.org/packages/cf/35/3aa899645e29b6375b4aed9f8d21df219e7c958c4c186b465e42ee0a06bf/pytokens-0.4.1-cp314-cp314t-manylinux2014_x86_64.manylinux_2_17_x86_64.manylinux_2_28_x86_64.whl", hash = "sha256:d31b97b3de0f61571a124a00ffe9a81fb9939146c122c11060725bd5aea79975", size = 303485, upload-time = "2026-01-30T01:03:28.558Z" },
    { url = "https://files.pythonhosted.org/packages/52/a0/07907b6ff512674d9b201859f7d212298c44933633c946703a20c25e9d81/pytokens-0.4.1-cp314-cp314t-musllinux_1_2_x86_64.whl", hash = "sha256:967cf6e3fd4adf7de8fc73cd3043754ae79c36475c1c11d514fc72cf5490094a", size = 306698, upload-time = "2026-01-30T01:03:29.653Z" },
    { url = "https://files.pythonhosted.org/packages/39/2a/cbbf9250020a4a8dd53ba83a46c097b69e5eb49dd14e708f496f548c6612/pytokens-0.4.1-cp314-cp314t-win_amd64.whl", hash = "sha256:584c80c24b078eec1e227079d56dc22ff755e0ba8654d8383b2c549107528918", size = 116287, upload-time = "2026-01-30T01:03:30.912Z" },
    { url = "https://files.pythonhosted.org/packages/c6/78/397db326746f0a342855b81216ae1f0a32965deccfd7c830a2dbc66d2483/pytokens-0.4.1-py3-none-any.whl", hash = "sha256:26cef14744a8385f35d0e095dc8b3a7583f6c953c2e3d269c7f82484bf5ad2de", size = 13729, upload-time = "2026-01-30T01:03:45.029Z" },
]

[[package]]
name = "pyyaml"
version = "6.0.1"
source = { registry = "https://pypi.org/simple" }
sdist = { url = "https://files.pythonhosted.org/packages/cd/e5/af35f7ea75cf72f2cd079c95ee16797de7cd71f29ea7c68ae5ce7be1eda0/PyYAML-6.0.1.tar.gz", hash = "sha256:bfdf460b1736c775f2ba9f6a92bca30bc2095067b8a9d77876d1fad6cc3b4a43", size = 125201, upload-time = "2023-07-18T00:00:23.308Z" }
wheels = [
    { url = "https://files.pythonhosted.org/packages/96/06/4beb652c0fe16834032e54f0956443d4cc797fe645527acee59e7deaa0a2/PyYAML-6.0.1-cp310-cp310-macosx_10_9_x86_64.whl", hash = "sha256:d858aa552c999bc8a8d57426ed01e40bef403cd8ccdd0fc5f6f04a00414cac2a", size = 189447, upload-time = "2023-07-17T23:57:04.325Z" },
    { url = "https://files.pythonhosted.org/packages/5b/07/10033a403b23405a8fc48975444463d3d10a5c2736b7eb2550b07b367429/PyYAML-6.0.1-cp310-cp310-macosx_11_0_arm64.whl", hash = "sha256:fd66fc5d0da6d9815ba2cebeb4205f95818ff4b79c3ebe268e75d961704af52f", size = 169264, upload-time = "2023-07-17T23:57:07.787Z" },
    { url = "https://files.pythonhosted.org/packages/f1/26/55e4f21db1f72eaef092015d9017c11510e7e6301c62a6cfee91295d13c6/PyYAML-6.0.1-cp310-cp310-manylinux_2_17_aarch64.manylinux2014_aarch64.whl", hash = "sha256:69b023b2b4daa7548bcfbd4aa3da05b3a74b772db9e23b982788168117739938", size = 677003, upload-time = "2023-07-17T23:57:13.144Z" },
    { url = "https://files.pythonhosted.org/packages/ba/91/090818dfa62e85181f3ae23dd1e8b7ea7f09684864a900cab72d29c57346/PyYAML-6.0.1-cp310-cp310-manylinux_2_17_s390x.manylinux2014_s390x.whl", hash = "sha256:81e0b275a9ecc9c0c0c07b4b90ba548307583c125f54d5b6946cfee6360c733d", size = 699070, upload-time = "2023-07-17T23:57:19.402Z" },
    { url = "https://files.pythonhosted.org/packages/29/61/bf33c6c85c55bc45a29eee3195848ff2d518d84735eb0e2d8cb42e0d285e/PyYAML-6.0.1-cp310-cp310-manylinux_2_17_x86_64.manylinux2014_x86_64.whl", hash = "sha256:ba336e390cd8e4d1739f42dfe9bb83a3cc2e80f567d8805e11b46f4a943f5515", size = 705525, upload-time = "2023-07-17T23:57:25.272Z" },
    { url = "https://files.pythonhosted.org/packages/07/91/45dfd0ef821a7f41d9d0136ea3608bb5b1653e42fd56a7970532cb5c003f/PyYAML-6.0.1-cp310-cp310-musllinux_1_1_x86_64.whl", hash = "sha256:326c013efe8048858a6d312ddd31d56e468118ad4cdeda36c719bf5bb6192290", size = 707514, upload-time = "2023-08-28T18:43:20.945Z" },
    { url = "https://files.pythonhosted.org/packages/b6/a0/b6700da5d49e9fed49dc3243d3771b598dad07abb37cc32e524607f96adc/PyYAML-6.0.1-cp310-cp310-win32.whl", hash = "sha256:bd4af7373a854424dabd882decdc5579653d7868b8fb26dc7d0e99f823aa5924", size = 130488, upload-time = "2023-07-17T23:57:28.144Z" },
    { url = "https://files.pythonhosted.org/packages/24/97/9b59b43431f98d01806b288532da38099cc6f2fea0f3d712e21e269c0279/PyYAML-6.0.1-cp310-cp310-win_amd64.whl", hash = "sha256:fd1592b3fdf65fff2ad0004b5e363300ef59ced41c2e6b3a99d4089fa8c5435d", size = 145338, upload-time = "2023-07-17T23:57:31.118Z" },
    { url = "https://files.pythonhosted.org/packages/ec/0d/26fb23e8863e0aeaac0c64e03fd27367ad2ae3f3cccf3798ee98ce160368/PyYAML-6.0.1-cp311-cp311-macosx_10_9_x86_64.whl", hash = "sha256:6965a7bc3cf88e5a1c3bd2e0b5c22f8d677dc88a455344035f03399034eb3007", size = 187867, upload-time = "2023-07-17T23:57:34.35Z" },
    { url = "https://files.pythonhosted.org/packages/28/09/55f715ddbf95a054b764b547f617e22f1d5e45d83905660e9a088078fe67/PyYAML-6.0.1-cp311-cp311-macosx_11_0_arm64.whl", hash = "sha256:f003ed9ad21d6a4713f0a9b5a7a0a79e08dd0f221aff4525a2be4c346ee60aab", size = 167530, upload-time = "2023-07-17T23:57:36.975Z" },
    { url = "https://files.pythonhosted.org/packages/5e/94/7d5ee059dfb92ca9e62f4057dcdec9ac08a9e42679644854dc01177f8145/PyYAML-6.0.1-cp311-cp311-manylinux_2_17_aarch64.manylinux2014_aarch64.whl", hash = "sha256:42f8152b8dbc4fe7d96729ec2b99c7097d656dc1213a3229ca5383f973a5ed6d", size = 732244, upload-time = "2023-07-17T23:57:43.774Z" },
    { url = "https://files.pythonhosted.org/packages/06/92/e0224aa6ebf9dc54a06a4609da37da40bb08d126f5535d81bff6b417b2ae/PyYAML-6.0.1-cp311-cp311-manylinux_2_17_s390x.manylinux2014_s390x.whl", hash = "sha256:062582fca9fabdd2c8b54a3ef1c978d786e0f6b3a1510e0ac93ef59e0ddae2bc", size = 752871, upload-time = "2023-07-17T23:57:51.921Z" },
    { url = "https://files.pythonhosted.org/packages/7b/5e/efd033ab7199a0b2044dab3b9f7a4f6670e6a52c089de572e928d2873b06/PyYAML-6.0.1-cp311-cp311-manylinux_2_17_x86_64.manylinux2014_x86_64.whl", hash = "sha256:d2b04aac4d386b172d5b9692e2d2da8de7bfb6c387fa4f801fbf6fb2e6ba4673", size = 757729, upload-time = "2023-07-17T23:57:59.865Z" },
    { url = "https://files.pythonhosted.org/packages/03/5c/c4671451b2f1d76ebe352c0945d4cd13500adb5d05f5a51ee296d80152f7/PyYAML-6.0.1-cp311-cp311-musllinux_1_1_x86_64.whl", hash = "sha256:e7d73685e87afe9f3b36c799222440d6cf362062f78be1013661b00c5c6f678b", size = 748528, upload-time = "2023-08-28T18:43:23.207Z" },
    { url = "https://files.pythonhosted.org/packages/73/9c/766e78d1efc0d1fca637a6b62cea1b4510a7fb93617eb805223294fef681/PyYAML-6.0.1-cp311-cp311-win32.whl", hash = "sha256:1635fd110e8d85d55237ab316b5b011de701ea0f29d07611174a1b42f1444741", size = 130286, upload-time = "2023-07-17T23:58:02.964Z" },
    { url = "https://files.pythonhosted.org/packages/b3/34/65bb4b2d7908044963ebf614fe0fdb080773fc7030d7e39c8d3eddcd4257/PyYAML-6.0.1-cp311-cp311-win_amd64.whl", hash = "sha256:bf07ee2fef7014951eeb99f56f39c9bb4af143d8aa3c21b1677805985307da34", size = 144699, upload-time = "2023-07-17T23:58:05.586Z" },
    { url = "https://files.pythonhosted.org/packages/bc/06/1b305bf6aa704343be85444c9d011f626c763abb40c0edc1cad13bfd7f86/PyYAML-6.0.1-cp312-cp312-macosx_10_9_x86_64.whl", hash = "sha256:855fb52b0dc35af121542a76b9a84f8d1cd886ea97c84703eaa6d88e37a2ad28", size = 178692, upload-time = "2023-08-28T18:43:24.924Z" },
    { url = "https://files.pythonhosted.org/packages/84/02/404de95ced348b73dd84f70e15a41843d817ff8c1744516bf78358f2ffd2/PyYAML-6.0.1-cp312-cp312-macosx_11_0_arm64.whl", hash = "sha256:40df9b996c2b73138957fe23a16a4f0ba614f4c0efce1e9406a184b6d07fa3a9", size = 165622, upload-time = "2023-08-28T18:43:26.54Z" },
    { url = "https://files.pythonhosted.org/packages/c7/4c/4a2908632fc980da6d918b9de9c1d9d7d7e70b2672b1ad5166ed27841ef7/PyYAML-6.0.1-cp312-cp312-manylinux_2_17_aarch64.manylinux2014_aarch64.whl", hash = "sha256:a08c6f0fe150303c1c6b71ebcd7213c2858041a7e01975da3a99aed1e7a378ef", size = 696937, upload-time = "2024-01-18T20:40:22.92Z" },
    { url = "https://files.pythonhosted.org/packages/b4/33/720548182ffa8344418126017aa1d4ab4aeec9a2275f04ce3f3573d8ace8/PyYAML-6.0.1-cp312-cp312-manylinux_2_17_x86_64.manylinux2014_x86_64.whl", hash = "sha256:6c22bec3fbe2524cde73d7ada88f6566758a8f7227bfbf93a408a9d86bcc12a0", size = 724969, upload-time = "2023-08-28T18:43:28.56Z" },
    { url = "https://files.pythonhosted.org/packages/4f/78/77b40157b6cb5f2d3d31a3d9b2efd1ba3505371f76730d267e8b32cf4b7f/PyYAML-6.0.1-cp312-cp312-musllinux_1_1_x86_64.whl", hash = "sha256:8d4e9c88387b0f5c7d5f281e55304de64cf7f9c0021a3525bd3b1c542da3b0e4", size = 712604, upload-time = "2023-08-28T18:43:30.206Z" },
    { url = "https://files.pythonhosted.org/packages/2e/97/3e0e089ee85e840f4b15bfa00e4e63d84a3691ababbfea92d6f820ea6f21/PyYAML-6.0.1-cp312-cp312-win32.whl", hash = "sha256:d483d2cdf104e7c9fa60c544d92981f12ad66a457afae824d146093b8c294c54", size = 126098, upload-time = "2023-08-28T18:43:31.835Z" },
    { url = "https://files.pythonhosted.org/packages/2b/9f/fbade56564ad486809c27b322d0f7e6a89c01f6b4fe208402e90d4443a99/PyYAML-6.0.1-cp312-cp312-win_amd64.whl", hash = "sha256:0d3304d8c0adc42be59c5f8a4d9e3d7379e6955ad754aa9d6ab7a398b59dd1df", size = 138675, upload-time = "2023-08-28T18:43:33.613Z" },
]

[[package]]
name = "setuptools"
version = "69.0.2"
source = { registry = "https://pypi.org/simple" }
sdist = { url = "https://files.pythonhosted.org/packages/4b/d9/d0cf66484b7e28a9c42db7e3929caed46f8b80478cd8c9bd38b7be059150/setuptools-69.0.2.tar.gz", hash = "sha256:735896e78a4742605974de002ac60562d286fa8051a7e2299445e8e8fbb01aa6", size = 2219248, upload-time = "2023-11-21T19:01:06.839Z" }
wheels = [
    { url = "https://files.pythonhosted.org/packages/bb/e1/ed2dd0850446b8697ad28d118df885ad04140c64ace06c4bd559f7c8a94f/setuptools-69.0.2-py3-none-any.whl", hash = "sha256:1e8fdff6797d3865f37397be788a4e3cba233608e9b509382a2777d25ebde7f2", size = 819519, upload-time = "2023-11-21T19:00:58.174Z" },
]

[[package]]
name = "tomli"
version = "2.0.1"
source = { registry = "https://pypi.org/simple" }
sdist = { url = "https://files.pythonhosted.org/packages/c0/3f/d7af728f075fb08564c5949a9c95e44352e23dee646869fa104a3b2060a3/tomli-2.0.1.tar.gz", hash = "sha256:de526c12914f0c550d15924c62d72abc48d6fe7364aa87328337a31007fe8a4f", size = 15164, upload-time = "2022-02-08T10:54:04.006Z" }
wheels = [
    { url = "https://files.pythonhosted.org/packages/97/75/10a9ebee3fd790d20926a90a2547f0bf78f371b2f13aa822c759680ca7b9/tomli-2.0.1-py3-none-any.whl", hash = "sha256:939de3e7a6161af0c887ef91b7d41a53e7c5a1ca976325f429cb46ea9bc30ecc", size = 12757, upload-time = "2022-02-08T10:54:02.017Z" },
]

[[package]]
name = "typing-extensions"
version = "4.15.0"
source = { registry = "https://pypi.org/simple" }
sdist = { url = "https://files.pythonhosted.org/packages/72/94/1a15dd82efb362ac84269196e94cf00f187f7ed21c242792a923cdb1c61f/typing_extensions-4.15.0.tar.gz", hash = "sha256:0cea48d173cc12fa28ecabc3b837ea3cf6f38c6d1136f85cbaaf598984861466", size = 109391, upload-time = "2025-08-25T13:49:26.313Z" }
wheels = [
    { url = "https://files.pythonhosted.org/packages/18/67/36e9267722cc04a6b9f15c7f3441c2363321a3ea07da7ae0c0707beb2a9c/typing_extensions-4.15.0-py3-none-any.whl", hash = "sha256:f0fa19c6845758ab08074a0cfa8b7aecb71c999ca73d62883bc25cc018c4e548", size = 44614, upload-time = "2025-08-25T13:49:24.86Z" },
]

[[package]]
name = "virtualenv"
version = "20.24.7"
source = { registry = "https://pypi.org/simple" }
dependencies = [
    { name = "distlib" },
    { name = "filelock" },
    { name = "platformdirs" },
]
sdist = { url = "https://files.pythonhosted.org/packages/ac/fe/028d5b32d0a54fe3ecac1c170966757f185f84b81e06af98c820a546c691/virtualenv-20.24.7.tar.gz", hash = "sha256:69050ffb42419c91f6c1284a7b24e0475d793447e35929b488bf6a0aade39353", size = 7141024, upload-time = "2023-11-21T17:52:26.423Z" }
wheels = [
    { url = "https://files.pythonhosted.org/packages/7f/1b/433ebb5530c48d70bebe1bf10ec7591af9f66847e34c4fcbca16d5eaaa0c/virtualenv-20.24.7-py3-none-any.whl", hash = "sha256:a18b3fd0314ca59a2e9f4b556819ed07183b3e9a3702ecfe213f593d44f7b3fd", size = 3769367, upload-time = "2023-11-21T17:52:22.243Z" },
]
